
Microsoft Visual Studio Solution File, Format Version 12.00
# Visual Studio Version 16
VisualStudioVersion = 16.0.31729.503
MinimumVisualStudioVersion = 10.0.40219.1
Project("{FAE04EC0-301F-11D3-BF4B-00C04F79EFBC}") = "DelLunarHotel", "DelLunarHotel\DelLunarHotel.csproj", "{68614B89-C398-47CE-B632-F54CAB3B900B}"
EndProject
Global
	GlobalSection(SolutionConfigurationPlatforms) = preSolution
		Debug|Any CPU = Debug|Any CPU
		Release|Any CPU = Release|Any CPU
	EndGlobalSection
	GlobalSection(ProjectConfigurationPlatforms) = postSolution
		{68614B89-C398-47CE-B632-F54CAB3B900B}.Debug|Any CPU.ActiveCfg = Debug|Any CPU
		{68614B89-C398-47CE-B632-F54CAB3B900B}.Debug|Any CPU.Build.0 = Debug|Any CPU
		{68614B89-C398-47CE-B632-F54CAB3B900B}.Release|Any CPU.ActiveCfg = Release|Any CPU
		{68614B89-C398-47CE-B632-F54CAB3B900B}.Release|Any CPU.Build.0 = Release|Any CPU
	EndGlobalSection
	GlobalSection(SolutionProperties) = preSolution
		HideSolutionNode = FALSE
	EndGlobalSection
	GlobalSection(ExtensibilityGlobals) = postSolution
		SolutionGuid = {10BDDCED-656B-477E-B3F1-7391A38A084C}
	EndGlobalSection
EndGlobal
